
Microsoft Visual Studio Solution File, Format Version 12.00
# Visual Studio Version 17
VisualStudioVersion = 17.7.34221.43
MinimumVisualStudioVersion = 10.0.40219.1
Project("{2150E333-8FDC-42A3-9474-1A3956D46DE8}") = "src", "src", "{1CF15BB2-18DB-4888-88BF-1DBE236CCBBA}"
EndProject
Project("{2150E333-8FDC-42A3-9474-1A3956D46DE8}") = "CQRS.API", "CQRS.API", "{B056916B-0B92-46E1-86CC-43EBD8244B18}"
EndProject
Project("{2150E333-8FDC-42A3-9474-1A3956D46DE8}") = "CQRS.Application", "CQRS.Application", "{BC89DFD0-4F65-43FB-B593-66337FE11E10}"
EndProject
Project("{2150E333-8FDC-42A3-9474-1A3956D46DE8}") = "CQRS.Domain", "CQRS.Domain", "{18C621D7-D78B-4E34-8E41-DDE4FF202E8B}"
EndProject
Project("{2150E333-8FDC-42A3-9474-1A3956D46DE8}") = "CQRS.Infrastructure", "CQRS.Infrastructure", "{EC772482-70AA-4BE9-B778-B5FF9D38C1B0}"
EndProject
Project("{FAE04EC0-301F-11D3-BF4B-00C04F79EFBC}") = "CQRS.Infrastructure", "CQRS.Infrastructure\CQRS.Infrastructure.csproj", "{2821A5E9-9257-4EC8-9672-04F1C172B5E5}"
EndProject
Project("{FAE04EC0-301F-11D3-BF4B-00C04F79EFBC}") = "CQRS.Domain", "CQRS.Domain\CQRS.Domain.csproj", "{4ED2475E-1BB1-4D71-AE06-6229C28B9CC3}"
EndProject
Project("{FAE04EC0-301F-11D3-BF4B-00C04F79EFBC}") = "CQRS.Application", "CQRS.Application\CQRS.Application.csproj", "{406DD9F9-23BD-468E-B17C-B845261052DD}"
EndProject
Project("{FAE04EC0-301F-11D3-BF4B-00C04F79EFBC}") = "CQRS.API", "CQRS.API\CQRS.API.csproj", "{9F0DD8BC-BE10-4B0C-B30B-D6A46ABC72CF}"
EndProject
Global
	GlobalSection(SolutionConfigurationPlatforms) = preSolution
		Debug|Any CPU = Debug|Any CPU
		Release|Any CPU = Release|Any CPU
	EndGlobalSection
	GlobalSection(ProjectConfigurationPlatforms) = postSolution
		{2821A5E9-9257-4EC8-9672-04F1C172B5E5}.Debug|Any CPU.ActiveCfg = Debug|Any CPU
		{2821A5E9-9257-4EC8-9672-04F1C172B5E5}.Debug|Any CPU.Build.0 = Debug|Any CPU
		{2821A5E9-9257-4EC8-9672-04F1C172B5E5}.Release|Any CPU.ActiveCfg = Release|Any CPU
		{2821A5E9-9257-4EC8-9672-04F1C172B5E5}.Release|Any CPU.Build.0 = Release|Any CPU
		{4ED2475E-1BB1-4D71-AE06-6229C28B9CC3}.Debug|Any CPU.ActiveCfg = Debug|Any CPU
		{4ED2475E-1BB1-4D71-AE06-6229C28B9CC3}.Debug|Any CPU.Build.0 = Debug|Any CPU
		{4ED2475E-1BB1-4D71-AE06-6229C28B9CC3}.Release|Any CPU.ActiveCfg = Release|Any CPU
		{4ED2475E-1BB1-4D71-AE06-6229C28B9CC3}.Release|Any CPU.Build.0 = Release|Any CPU
		{406DD9F9-23BD-468E-B17C-B845261052DD}.Debug|Any CPU.ActiveCfg = Debug|Any CPU
		{406DD9F9-23BD-468E-B17C-B845261052DD}.Debug|Any CPU.Build.0 = Debug|Any CPU
		{406DD9F9-23BD-468E-B17C-B845261052DD}.Release|Any CPU.ActiveCfg = Release|Any CPU
		{406DD9F9-23BD-468E-B17C-B845261052DD}.Release|Any CPU.Build.0 = Release|Any CPU
		{9F0DD8BC-BE10-4B0C-B30B-D6A46ABC72CF}.Debug|Any CPU.ActiveCfg = Debug|Any CPU
		{9F0DD8BC-BE10-4B0C-B30B-D6A46ABC72CF}.Debug|Any CPU.Build.0 = Debug|Any CPU
		{9F0DD8BC-BE10-4B0C-B30B-D6A46ABC72CF}.Release|Any CPU.ActiveCfg = Release|Any CPU
		{9F0DD8BC-BE10-4B0C-B30B-D6A46ABC72CF}.Release|Any CPU.Build.0 = Release|Any CPU
	EndGlobalSection
	GlobalSection(SolutionProperties) = preSolution
		HideSolutionNode = FALSE
	EndGlobalSection
	GlobalSection(NestedProjects) = preSolution
		{B056916B-0B92-46E1-86CC-43EBD8244B18} = {1CF15BB2-18DB-4888-88BF-1DBE236CCBBA}
		{BC89DFD0-4F65-43FB-B593-66337FE11E10} = {1CF15BB2-18DB-4888-88BF-1DBE236CCBBA}
		{18C621D7-D78B-4E34-8E41-DDE4FF202E8B} = {1CF15BB2-18DB-4888-88BF-1DBE236CCBBA}
		{EC772482-70AA-4BE9-B778-B5FF9D38C1B0} = {1CF15BB2-18DB-4888-88BF-1DBE236CCBBA}
		{2821A5E9-9257-4EC8-9672-04F1C172B5E5} = {EC772482-70AA-4BE9-B778-B5FF9D38C1B0}
		{4ED2475E-1BB1-4D71-AE06-6229C28B9CC3} = {18C621D7-D78B-4E34-8E41-DDE4FF202E8B}
		{406DD9F9-23BD-468E-B17C-B845261052DD} = {BC89DFD0-4F65-43FB-B593-66337FE11E10}
		{9F0DD8BC-BE10-4B0C-B30B-D6A46ABC72CF} = {B056916B-0B92-46E1-86CC-43EBD8244B18}
	EndGlobalSection
	GlobalSection(ExtensibilityGlobals) = postSolution
		SolutionGuid = {ED3974BF-8AFF-42AF-A134-1C66C945B738}
	EndGlobalSection
EndGlobal
